// !$*UTF8*$!
{
	archiveVersion = 1;
	classes = {
	};
	objectVersion = 56;
	objects = {

/* Begin PBXBuildFile section */
		81AC3A052AC262E6008D77C1 /* WeatherApp.swift in Sources */ = {isa = PBXBuildFile; fileRef = 81AC3A042AC262E6008D77C1 /* WeatherApp.swift */; };
		81AC3A072AC262E6008D77C1 /* ContentView.swift in Sources */ = {isa = PBXBuildFile; fileRef = 81AC3A062AC262E6008D77C1 /* ContentView.swift */; };
		81AC3A092AC262E8008D77C1 /* Assets.xcassets in Resources */ = {isa = PBXBuildFile; fileRef = 81AC3A082AC262E8008D77C1 /* Assets.xcassets */; };
		81AC3A0C2AC262E8008D77C1 /* Preview Assets.xcassets in Resources */ = {isa = PBXBuildFile; fileRef = 81AC3A0B2AC262E8008D77C1 /* Preview Assets.xcassets */; };
		81AC3A162AC262E8008D77C1 /* WeatherTests.swift in Sources */ = {isa = PBXBuildFile; fileRef = 81AC3A152AC262E8008D77C1 /* WeatherTests.swift */; };
		81AC3A202AC262E8008D77C1 /* WeatherUITests.swift in Sources */ = {isa = PBXBuildFile; fileRef = 81AC3A1F2AC262E8008D77C1 /* WeatherUITests.swift */; };
		81AC3A222AC262E8008D77C1 /* WeatherUITestsLaunchTests.swift in Sources */ = {isa = PBXBuildFile; fileRef = 81AC3A212AC262E8008D77C1 /* WeatherUITestsLaunchTests.swift */; };
		81AC3A382AC267DB008D77C1 /* HomeModel.swift in Sources */ = {isa = PBXBuildFile; fileRef = 81AC3A372AC267DB008D77C1 /* HomeModel.swift */; };
		81AC3A3A2AC2709D008D77C1 /* HomeWeatherServiceProtocol.swift in Sources */ = {isa = PBXBuildFile; fileRef = 81AC3A392AC2709D008D77C1 /* HomeWeatherServiceProtocol.swift */; };
		81AC3A3C2AC27112008D77C1 /* HomeWeatherService.swift in Sources */ = {isa = PBXBuildFile; fileRef = 81AC3A3B2AC27112008D77C1 /* HomeWeatherService.swift */; };
		81AC3A3E2AC271AC008D77C1 /* HomeDetailsRepository.swift in Sources */ = {isa = PBXBuildFile; fileRef = 81AC3A3D2AC271AC008D77C1 /* HomeDetailsRepository.swift */; };
		81AC3A412AC271ED008D77C1 /* HomeDetailsFactory.swift in Sources */ = {isa = PBXBuildFile; fileRef = 81AC3A402AC271ED008D77C1 /* HomeDetailsFactory.swift */; };
		81AC3A432AC271FA008D77C1 /* HomeDetailsViewModel.swift in Sources */ = {isa = PBXBuildFile; fileRef = 81AC3A422AC271FA008D77C1 /* HomeDetailsViewModel.swift */; };
		81AC3A452AC27203008D77C1 /* HomeDetailsView.swift in Sources */ = {isa = PBXBuildFile; fileRef = 81AC3A442AC27203008D77C1 /* HomeDetailsView.swift */; };
		81AC3A482AC27552008D77C1 /* APIErrors.swift in Sources */ = {isa = PBXBuildFile; fileRef = 81AC3A472AC27552008D77C1 /* APIErrors.swift */; };
		81AC3A4A2AC275C7008D77C1 /* WeatherURL.swift in Sources */ = {isa = PBXBuildFile; fileRef = 81AC3A492AC275C7008D77C1 /* WeatherURL.swift */; };
		81AC3A4E2AC790F3008D77C1 /* KeychainUtils.swift in Sources */ = {isa = PBXBuildFile; fileRef = 81AC3A4D2AC790F3008D77C1 /* KeychainUtils.swift */; };
		81AC3A522AC79D14008D77C1 /* SensitiveDataRepository.swift in Sources */ = {isa = PBXBuildFile; fileRef = 81AC3A512AC79D14008D77C1 /* SensitiveDataRepository.swift */; };
		81AC3A542AC79DB5008D77C1 /* SensitiveDataStorage.swift in Sources */ = {isa = PBXBuildFile; fileRef = 81AC3A532AC79DB5008D77C1 /* SensitiveDataStorage.swift */; };
		81AC3A562AC7A01C008D77C1 /* SensitiveDataStorageProvider.swift in Sources */ = {isa = PBXBuildFile; fileRef = 81AC3A552AC7A01C008D77C1 /* SensitiveDataStorageProvider.swift */; };
		81AC3A5A2AC7A0C7008D77C1 /* SensitiveDataService.swift in Sources */ = {isa = PBXBuildFile; fileRef = 81AC3A592AC7A0C7008D77C1 /* SensitiveDataService.swift */; };
		81AC3A5C2AC7A286008D77C1 /* SensitiveDataServiceProvider.swift in Sources */ = {isa = PBXBuildFile; fileRef = 81AC3A5B2AC7A286008D77C1 /* SensitiveDataServiceProvider.swift */; };
		81AC3A5F2AC7BD58008D77C1 /* AppBootstrap.swift in Sources */ = {isa = PBXBuildFile; fileRef = 81AC3A5E2AC7BD58008D77C1 /* AppBootstrap.swift */; };
		81AC3A612AC7C5EA008D77C1 /* AppEnvironment.swift in Sources */ = {isa = PBXBuildFile; fileRef = 81AC3A602AC7C5EA008D77C1 /* AppEnvironment.swift */; };
		81AC3A672AC856DA008D77C1 /* BootstrapViewModel.swift in Sources */ = {isa = PBXBuildFile; fileRef = 81AC3A662AC856DA008D77C1 /* BootstrapViewModel.swift */; };
		81AC3A692AC85709008D77C1 /* BootstrapperView.swift in Sources */ = {isa = PBXBuildFile; fileRef = 81AC3A682AC85709008D77C1 /* BootstrapperView.swift */; };
		81AC3A6B2AC8575A008D77C1 /* BootstrapperFactory.swift in Sources */ = {isa = PBXBuildFile; fileRef = 81AC3A6A2AC8575A008D77C1 /* BootstrapperFactory.swift */; };
		81AC3A6F2AC8582A008D77C1 /* HomeView.swift in Sources */ = {isa = PBXBuildFile; fileRef = 81AC3A6E2AC8582A008D77C1 /* HomeView.swift */; };
/* End PBXBuildFile section */

/* Begin PBXContainerItemProxy section */
		81AC3A122AC262E8008D77C1 /* PBXContainerItemProxy */ = {
			isa = PBXContainerItemProxy;
			containerPortal = 81AC39F92AC262E6008D77C1 /* Project object */;
			proxyType = 1;
			remoteGlobalIDString = 81AC3A002AC262E6008D77C1;
			remoteInfo = Weather;
		};
		81AC3A1C2AC262E8008D77C1 /* PBXContainerItemProxy */ = {
			isa = PBXContainerItemProxy;
			containerPortal = 81AC39F92AC262E6008D77C1 /* Project object */;
			proxyType = 1;
			remoteGlobalIDString = 81AC3A002AC262E6008D77C1;
			remoteInfo = Weather;
		};
/* End PBXContainerItemProxy section */

/* Begin PBXFileReference section */
		81AC3A012AC262E6008D77C1 /* Weather.app */ = {isa = PBXFileReference; explicitFileType = wrapper.application; includeInIndex = 0; path = Weather.app; sourceTree = BUILT_PRODUCTS_DIR; };
		81AC3A042AC262E6008D77C1 /* WeatherApp.swift */ = {isa = PBXFileReference; lastKnownFileType = sourcecode.swift; path = WeatherApp.swift; sourceTree = "<group>"; };
		81AC3A062AC262E6008D77C1 /* ContentView.swift */ = {isa = PBXFileReference; lastKnownFileType = sourcecode.swift; path = ContentView.swift; sourceTree = "<group>"; };
		81AC3A082AC262E8008D77C1 /* Assets.xcassets */ = {isa = PBXFileReference; lastKnownFileType = folder.assetcatalog; path = Assets.xcassets; sourceTree = "<group>"; };
		81AC3A0B2AC262E8008D77C1 /* Preview Assets.xcassets */ = {isa = PBXFileReference; lastKnownFileType = folder.assetcatalog; path = "Preview Assets.xcassets"; sourceTree = "<group>"; };
		81AC3A112AC262E8008D77C1 /* WeatherTests.xctest */ = {isa = PBXFileReference; explicitFileType = wrapper.cfbundle; includeInIndex = 0; path = WeatherTests.xctest; sourceTree = BUILT_PRODUCTS_DIR; };
		81AC3A152AC262E8008D77C1 /* WeatherTests.swift */ = {isa = PBXFileReference; lastKnownFileType = sourcecode.swift; path = WeatherTests.swift; sourceTree = "<group>"; };
		81AC3A1B2AC262E8008D77C1 /* WeatherUITests.xctest */ = {isa = PBXFileReference; explicitFileType = wrapper.cfbundle; includeInIndex = 0; path = WeatherUITests.xctest; sourceTree = BUILT_PRODUCTS_DIR; };
		81AC3A1F2AC262E8008D77C1 /* WeatherUITests.swift */ = {isa = PBXFileReference; lastKnownFileType = sourcecode.swift; path = WeatherUITests.swift; sourceTree = "<group>"; };
		81AC3A212AC262E8008D77C1 /* WeatherUITestsLaunchTests.swift */ = {isa = PBXFileReference; lastKnownFileType = sourcecode.swift; path = WeatherUITestsLaunchTests.swift; sourceTree = "<group>"; };
		81AC3A372AC267DB008D77C1 /* HomeModel.swift */ = {isa = PBXFileReference; lastKnownFileType = sourcecode.swift; path = HomeModel.swift; sourceTree = "<group>"; };
		81AC3A392AC2709D008D77C1 /* HomeWeatherServiceProtocol.swift */ = {isa = PBXFileReference; lastKnownFileType = sourcecode.swift; path = HomeWeatherServiceProtocol.swift; sourceTree = "<group>"; };
		81AC3A3B2AC27112008D77C1 /* HomeWeatherService.swift */ = {isa = PBXFileReference; lastKnownFileType = sourcecode.swift; path = HomeWeatherService.swift; sourceTree = "<group>"; };
		81AC3A3D2AC271AC008D77C1 /* HomeDetailsRepository.swift */ = {isa = PBXFileReference; lastKnownFileType = sourcecode.swift; path = HomeDetailsRepository.swift; sourceTree = "<group>"; };
		81AC3A402AC271ED008D77C1 /* HomeDetailsFactory.swift */ = {isa = PBXFileReference; lastKnownFileType = sourcecode.swift; path = HomeDetailsFactory.swift; sourceTree = "<group>"; };
		81AC3A422AC271FA008D77C1 /* HomeDetailsViewModel.swift */ = {isa = PBXFileReference; lastKnownFileType = sourcecode.swift; path = HomeDetailsViewModel.swift; sourceTree = "<group>"; };
		81AC3A442AC27203008D77C1 /* HomeDetailsView.swift */ = {isa = PBXFileReference; lastKnownFileType = sourcecode.swift; path = HomeDetailsView.swift; sourceTree = "<group>"; };
		81AC3A472AC27552008D77C1 /* APIErrors.swift */ = {isa = PBXFileReference; lastKnownFileType = sourcecode.swift; path = APIErrors.swift; sourceTree = "<group>"; };
		81AC3A492AC275C7008D77C1 /* WeatherURL.swift */ = {isa = PBXFileReference; lastKnownFileType = sourcecode.swift; path = WeatherURL.swift; sourceTree = "<group>"; };
		81AC3A4D2AC790F3008D77C1 /* KeychainUtils.swift */ = {isa = PBXFileReference; lastKnownFileType = sourcecode.swift; path = KeychainUtils.swift; sourceTree = "<group>"; };
		81AC3A512AC79D14008D77C1 /* SensitiveDataRepository.swift */ = {isa = PBXFileReference; lastKnownFileType = sourcecode.swift; path = SensitiveDataRepository.swift; sourceTree = "<group>"; };
		81AC3A532AC79DB5008D77C1 /* SensitiveDataStorage.swift */ = {isa = PBXFileReference; lastKnownFileType = sourcecode.swift; path = SensitiveDataStorage.swift; sourceTree = "<group>"; };
		81AC3A552AC7A01C008D77C1 /* SensitiveDataStorageProvider.swift */ = {isa = PBXFileReference; lastKnownFileType = sourcecode.swift; path = SensitiveDataStorageProvider.swift; sourceTree = "<group>"; };
		81AC3A592AC7A0C7008D77C1 /* SensitiveDataService.swift */ = {isa = PBXFileReference; lastKnownFileType = sourcecode.swift; path = SensitiveDataService.swift; sourceTree = "<group>"; };
		81AC3A5B2AC7A286008D77C1 /* SensitiveDataServiceProvider.swift */ = {isa = PBXFileReference; lastKnownFileType = sourcecode.swift; path = SensitiveDataServiceProvider.swift; sourceTree = "<group>"; };
		81AC3A5E2AC7BD58008D77C1 /* AppBootstrap.swift */ = {isa = PBXFileReference; lastKnownFileType = sourcecode.swift; path = AppBootstrap.swift; sourceTree = "<group>"; };
		81AC3A602AC7C5EA008D77C1 /* AppEnvironment.swift */ = {isa = PBXFileReference; lastKnownFileType = sourcecode.swift; path = AppEnvironment.swift; sourceTree = "<group>"; };
		81AC3A662AC856DA008D77C1 /* BootstrapViewModel.swift */ = {isa = PBXFileReference; lastKnownFileType = sourcecode.swift; path = BootstrapViewModel.swift; sourceTree = "<group>"; };
		81AC3A682AC85709008D77C1 /* BootstrapperView.swift */ = {isa = PBXFileReference; lastKnownFileType = sourcecode.swift; path = BootstrapperView.swift; sourceTree = "<group>"; };
		81AC3A6A2AC8575A008D77C1 /* BootstrapperFactory.swift */ = {isa = PBXFileReference; lastKnownFileType = sourcecode.swift; path = BootstrapperFactory.swift; sourceTree = "<group>"; };
		81AC3A6E2AC8582A008D77C1 /* HomeView.swift */ = {isa = PBXFileReference; lastKnownFileType = sourcecode.swift; path = HomeView.swift; sourceTree = "<group>"; };
/* End PBXFileReference section */

/* Begin PBXFrameworksBuildPhase section */
		81AC39FE2AC262E6008D77C1 /* Frameworks */ = {
			isa = PBXFrameworksBuildPhase;
			buildActionMask = 2147483647;
			files = (
			);
			runOnlyForDeploymentPostprocessing = 0;
		};
		81AC3A0E2AC262E8008D77C1 /* Frameworks */ = {
			isa = PBXFrameworksBuildPhase;
			buildActionMask = 2147483647;
			files = (
			);
			runOnlyForDeploymentPostprocessing = 0;
		};
		81AC3A182AC262E8008D77C1 /* Frameworks */ = {
			isa = PBXFrameworksBuildPhase;
			buildActionMask = 2147483647;
			files = (
			);
			runOnlyForDeploymentPostprocessing = 0;
		};
/* End PBXFrameworksBuildPhase section */

/* Begin PBXGroup section */
		81AC39F82AC262E6008D77C1 = {
			isa = PBXGroup;
			children = (
				81AC3A032AC262E6008D77C1 /* Weather */,
				81AC3A142AC262E8008D77C1 /* WeatherTests */,
				81AC3A1E2AC262E8008D77C1 /* WeatherUITests */,
				81AC3A022AC262E6008D77C1 /* Products */,
			);
			sourceTree = "<group>";
		};
		81AC3A022AC262E6008D77C1 /* Products */ = {
			isa = PBXGroup;
			children = (
				81AC3A012AC262E6008D77C1 /* Weather.app */,
				81AC3A112AC262E8008D77C1 /* WeatherTests.xctest */,
				81AC3A1B2AC262E8008D77C1 /* WeatherUITests.xctest */,
			);
			name = Products;
			sourceTree = "<group>";
		};
		81AC3A032AC262E6008D77C1 /* Weather */ = {
			isa = PBXGroup;
			children = (
				81AC3A632AC7DF4B008D77C1 /* Models */,
				81AC3A4F2AC79CF7008D77C1 /* Services */,
				81AC3A4B2AC790D0008D77C1 /* Shared */,
				81AC3A2F2AC2674E008D77C1 /* Features */,
				81AC3A2E2AC26527008D77C1 /* App */,
				81AC3A302AC26754008D77C1 /* WeatherDesigns */,
				81AC3A0A2AC262E8008D77C1 /* Preview Content */,
			);
			path = Weather;
			sourceTree = "<group>";
		};
		81AC3A0A2AC262E8008D77C1 /* Preview Content */ = {
			isa = PBXGroup;
			children = (
				81AC3A0B2AC262E8008D77C1 /* Preview Assets.xcassets */,
			);
			path = "Preview Content";
			sourceTree = "<group>";
		};
		81AC3A142AC262E8008D77C1 /* WeatherTests */ = {
			isa = PBXGroup;
			children = (
				81AC3A152AC262E8008D77C1 /* WeatherTests.swift */,
			);
			path = WeatherTests;
			sourceTree = "<group>";
		};
		81AC3A1E2AC262E8008D77C1 /* WeatherUITests */ = {
			isa = PBXGroup;
			children = (
				81AC3A1F2AC262E8008D77C1 /* WeatherUITests.swift */,
				81AC3A212AC262E8008D77C1 /* WeatherUITestsLaunchTests.swift */,
			);
			path = WeatherUITests;
			sourceTree = "<group>";
		};
		81AC3A2E2AC26527008D77C1 /* App */ = {
			isa = PBXGroup;
			children = (
				81AC3A5D2AC7BD3C008D77C1 /* AppEnvironment */,
				81AC3A042AC262E6008D77C1 /* WeatherApp.swift */,
				81AC3A062AC262E6008D77C1 /* ContentView.swift */,
			);
			path = App;
			sourceTree = "<group>";
		};
		81AC3A2F2AC2674E008D77C1 /* Features */ = {
			isa = PBXGroup;
			children = (
				81AC3A652AC856C2008D77C1 /* Bootstrap */,
				81AC3A642AC85511008D77C1 /* Home */,
				81AC3A312AC2678C008D77C1 /* HomeDetails */,
			);
			path = Features;
			sourceTree = "<group>";
		};
		81AC3A302AC26754008D77C1 /* WeatherDesigns */ = {
			isa = PBXGroup;
			children = (
				81AC3A082AC262E8008D77C1 /* Assets.xcassets */,
			);
			path = WeatherDesigns;
			sourceTree = "<group>";
		};
		81AC3A312AC2678C008D77C1 /* HomeDetails */ = {
			isa = PBXGroup;
			children = (
				81AC3A3F2AC271BE008D77C1 /* HomeDetailsFactory */,
				81AC3A342AC267B2008D77C1 /* HomeDetailsRepositories */,
				81AC3A332AC267A2008D77C1 /* HomeDetailsViewModels */,
				81AC3A322AC26792008D77C1 /* HomeDetailViews */,
			);
			path = HomeDetails;
			sourceTree = "<group>";
		};
		81AC3A322AC26792008D77C1 /* HomeDetailViews */ = {
			isa = PBXGroup;
			children = (
				81AC3A442AC27203008D77C1 /* HomeDetailsView.swift */,
			);
			path = HomeDetailViews;
			sourceTree = "<group>";
		};
		81AC3A332AC267A2008D77C1 /* HomeDetailsViewModels */ = {
			isa = PBXGroup;
			children = (
				81AC3A422AC271FA008D77C1 /* HomeDetailsViewModel.swift */,
			);
			path = HomeDetailsViewModels;
			sourceTree = "<group>";
		};
		81AC3A342AC267B2008D77C1 /* HomeDetailsRepositories */ = {
			isa = PBXGroup;
			children = (
				81AC3A3D2AC271AC008D77C1 /* HomeDetailsRepository.swift */,
			);
			path = HomeDetailsRepositories;
			sourceTree = "<group>";
		};
		81AC3A352AC267C2008D77C1 /* HomeServices */ = {
			isa = PBXGroup;
			children = (
				81AC3A392AC2709D008D77C1 /* HomeWeatherServiceProtocol.swift */,
				81AC3A3B2AC27112008D77C1 /* HomeWeatherService.swift */,
			);
			path = HomeServices;
			sourceTree = "<group>";
		};
		81AC3A362AC267CC008D77C1 /* HomeModels */ = {
			isa = PBXGroup;
			children = (
				81AC3A372AC267DB008D77C1 /* HomeModel.swift */,
			);
			path = HomeModels;
			sourceTree = "<group>";
		};
		81AC3A3F2AC271BE008D77C1 /* HomeDetailsFactory */ = {
			isa = PBXGroup;
			children = (
				81AC3A402AC271ED008D77C1 /* HomeDetailsFactory.swift */,
			);
			path = HomeDetailsFactory;
			sourceTree = "<group>";
		};
		81AC3A4B2AC790D0008D77C1 /* Shared */ = {
			isa = PBXGroup;
			children = (
				81AC3A4C2AC790D9008D77C1 /* Storage */,
			);
			path = Shared;
			sourceTree = "<group>";
		};
		81AC3A4C2AC790D9008D77C1 /* Storage */ = {
			isa = PBXGroup;
			children = (
				81AC3A4D2AC790F3008D77C1 /* KeychainUtils.swift */,
			);
			path = Storage;
			sourceTree = "<group>";
		};
		81AC3A4F2AC79CF7008D77C1 /* Services */ = {
			isa = PBXGroup;
			children = (
				81AC3A622AC7DF25008D77C1 /* Common */,
				81AC3A502AC79CFD008D77C1 /* SensitiveData */,
				81AC3A352AC267C2008D77C1 /* HomeServices */,
			);
			path = Services;
			sourceTree = "<group>";
		};
		81AC3A502AC79CFD008D77C1 /* SensitiveData */ = {
			isa = PBXGroup;
			children = (
				81AC3A582AC7A0B4008D77C1 /* Service */,
				81AC3A572AC7A0A3008D77C1 /* Storage */,
				81AC3A512AC79D14008D77C1 /* SensitiveDataRepository.swift */,
			);
			path = SensitiveData;
			sourceTree = "<group>";
		};
		81AC3A572AC7A0A3008D77C1 /* Storage */ = {
			isa = PBXGroup;
			children = (
				81AC3A532AC79DB5008D77C1 /* SensitiveDataStorage.swift */,
				81AC3A552AC7A01C008D77C1 /* SensitiveDataStorageProvider.swift */,
			);
			path = Storage;
			sourceTree = "<group>";
		};
		81AC3A582AC7A0B4008D77C1 /* Service */ = {
			isa = PBXGroup;
			children = (
				81AC3A592AC7A0C7008D77C1 /* SensitiveDataService.swift */,
				81AC3A5B2AC7A286008D77C1 /* SensitiveDataServiceProvider.swift */,
			);
			path = Service;
			sourceTree = "<group>";
		};
		81AC3A5D2AC7BD3C008D77C1 /* AppEnvironment */ = {
			isa = PBXGroup;
			children = (
				81AC3A5E2AC7BD58008D77C1 /* AppBootstrap.swift */,
				81AC3A602AC7C5EA008D77C1 /* AppEnvironment.swift */,
			);
			path = AppEnvironment;
			sourceTree = "<group>";
		};
		81AC3A622AC7DF25008D77C1 /* Common */ = {
			isa = PBXGroup;
			children = (
				81AC3A472AC27552008D77C1 /* APIErrors.swift */,
				81AC3A492AC275C7008D77C1 /* WeatherURL.swift */,
			);
			path = Common;
			sourceTree = "<group>";
		};
		81AC3A632AC7DF4B008D77C1 /* Models */ = {
			isa = PBXGroup;
			children = (
				81AC3A362AC267CC008D77C1 /* HomeModels */,
			);
			path = Models;
			sourceTree = "<group>";
		};
		81AC3A642AC85511008D77C1 /* Home */ = {
			isa = PBXGroup;
			children = (
				81AC3A6D2AC85816008D77C1 /* HomeViews */,
			);
			path = Home;
			sourceTree = "<group>";
		};
		81AC3A652AC856C2008D77C1 /* Bootstrap */ = {
			isa = PBXGroup;
			children = (
				81AC3A682AC85709008D77C1 /* BootstrapperView.swift */,
				81AC3A662AC856DA008D77C1 /* BootstrapViewModel.swift */,
				81AC3A6A2AC8575A008D77C1 /* BootstrapperFactory.swift */,
			);
			path = Bootstrap;
			sourceTree = "<group>";
		};
		81AC3A6D2AC85816008D77C1 /* HomeViews */ = {
			isa = PBXGroup;
			children = (
				81AC3A6E2AC8582A008D77C1 /* HomeView.swift */,
			);
			path = HomeViews;
			sourceTree = "<group>";
		};
/* End PBXGroup section */

/* Begin PBXNativeTarget section */
		81AC3A002AC262E6008D77C1 /* Weather */ = {
			isa = PBXNativeTarget;
			buildConfigurationList = 81AC3A252AC262E8008D77C1 /* Build configuration list for PBXNativeTarget "Weather" */;
			buildPhases = (
				81AC39FD2AC262E6008D77C1 /* Sources */,
				81AC39FE2AC262E6008D77C1 /* Frameworks */,
				81AC39FF2AC262E6008D77C1 /* Resources */,
			);
			buildRules = (
			);
			dependencies = (
			);
			name = Weather;
			productName = Weather;
			productReference = 81AC3A012AC262E6008D77C1 /* Weather.app */;
			productType = "com.apple.product-type.application";
		};
		81AC3A102AC262E8008D77C1 /* WeatherTests */ = {
			isa = PBXNativeTarget;
			buildConfigurationList = 81AC3A282AC262E8008D77C1 /* Build configuration list for PBXNativeTarget "WeatherTests" */;
			buildPhases = (
				81AC3A0D2AC262E8008D77C1 /* Sources */,
				81AC3A0E2AC262E8008D77C1 /* Frameworks */,
				81AC3A0F2AC262E8008D77C1 /* Resources */,
			);
			buildRules = (
			);
			dependencies = (
				81AC3A132AC262E8008D77C1 /* PBXTargetDependency */,
			);
			name = WeatherTests;
			productName = WeatherTests;
			productReference = 81AC3A112AC262E8008D77C1 /* WeatherTests.xctest */;
			productType = "com.apple.product-type.bundle.unit-test";
		};
		81AC3A1A2AC262E8008D77C1 /* WeatherUITests */ = {
			isa = PBXNativeTarget;
			buildConfigurationList = 81AC3A2B2AC262E8008D77C1 /* Build configuration list for PBXNativeTarget "WeatherUITests" */;
			buildPhases = (
				81AC3A172AC262E8008D77C1 /* Sources */,
				81AC3A182AC262E8008D77C1 /* Frameworks */,
				81AC3A192AC262E8008D77C1 /* Resources */,
			);
			buildRules = (
			);
			dependencies = (
				81AC3A1D2AC262E8008D77C1 /* PBXTargetDependency */,
			);
			name = WeatherUITests;
			productName = WeatherUITests;
			productReference = 81AC3A1B2AC262E8008D77C1 /* WeatherUITests.xctest */;
			productType = "com.apple.product-type.bundle.ui-testing";
		};
/* End PBXNativeTarget section */

/* Begin PBXProject section */
		81AC39F92AC262E6008D77C1 /* Project object */ = {
			isa = PBXProject;
			attributes = {
				BuildIndependentTargetsInParallel = 1;
				LastSwiftUpdateCheck = 1410;
				LastUpgradeCheck = 1410;
				TargetAttributes = {
					81AC3A002AC262E6008D77C1 = {
						CreatedOnToolsVersion = 14.1;
					};
					81AC3A102AC262E8008D77C1 = {
						CreatedOnToolsVersion = 14.1;
						TestTargetID = 81AC3A002AC262E6008D77C1;
					};
					81AC3A1A2AC262E8008D77C1 = {
						CreatedOnToolsVersion = 14.1;
						TestTargetID = 81AC3A002AC262E6008D77C1;
					};
				};
			};
			buildConfigurationList = 81AC39FC2AC262E6008D77C1 /* Build configuration list for PBXProject "Weather" */;
			compatibilityVersion = "Xcode 14.0";
			developmentRegion = en;
			hasScannedForEncodings = 0;
			knownRegions = (
				en,
				Base,
			);
			mainGroup = 81AC39F82AC262E6008D77C1;
			productRefGroup = 81AC3A022AC262E6008D77C1 /* Products */;
			projectDirPath = "";
			projectRoot = "";
			targets = (
				81AC3A002AC262E6008D77C1 /* Weather */,
				81AC3A102AC262E8008D77C1 /* WeatherTests */,
				81AC3A1A2AC262E8008D77C1 /* WeatherUITests */,
			);
		};
/* End PBXProject section */

/* Begin PBXResourcesBuildPhase section */
		81AC39FF2AC262E6008D77C1 /* Resources */ = {
			isa = PBXResourcesBuildPhase;
			buildActionMask = 2147483647;
			files = (
				81AC3A0C2AC262E8008D77C1 /* Preview Assets.xcassets in Resources */,
				81AC3A092AC262E8008D77C1 /* Assets.xcassets in Resources */,
			);
			runOnlyForDeploymentPostprocessing = 0;
		};
		81AC3A0F2AC262E8008D77C1 /* Resources */ = {
			isa = PBXResourcesBuildPhase;
			buildActionMask = 2147483647;
			files = (
			);
			runOnlyForDeploymentPostprocessing = 0;
		};
		81AC3A192AC262E8008D77C1 /* Resources */ = {
			isa = PBXResourcesBuildPhase;
			buildActionMask = 2147483647;
			files = (
			);
			runOnlyForDeploymentPostprocessing = 0;
		};
/* End PBXResourcesBuildPhase section */

/* Begin PBXSourcesBuildPhase section */
		81AC39FD2AC262E6008D77C1 /* Sources */ = {
			isa = PBXSourcesBuildPhase;
			buildActionMask = 2147483647;
			files = (
				81AC3A542AC79DB5008D77C1 /* SensitiveDataStorage.swift in Sources */,
				81AC3A672AC856DA008D77C1 /* BootstrapViewModel.swift in Sources */,
				81AC3A452AC27203008D77C1 /* HomeDetailsView.swift in Sources */,
				81AC3A562AC7A01C008D77C1 /* SensitiveDataStorageProvider.swift in Sources */,
				81AC3A072AC262E6008D77C1 /* ContentView.swift in Sources */,
				81AC3A052AC262E6008D77C1 /* WeatherApp.swift in Sources */,
				81AC3A612AC7C5EA008D77C1 /* AppEnvironment.swift in Sources */,
				81AC3A4A2AC275C7008D77C1 /* WeatherURL.swift in Sources */,
				81AC3A412AC271ED008D77C1 /* HomeDetailsFactory.swift in Sources */,
				81AC3A432AC271FA008D77C1 /* HomeDetailsViewModel.swift in Sources */,
				81AC3A482AC27552008D77C1 /* APIErrors.swift in Sources */,
				81AC3A692AC85709008D77C1 /* BootstrapperView.swift in Sources */,
				81AC3A4E2AC790F3008D77C1 /* KeychainUtils.swift in Sources */,
				81AC3A5A2AC7A0C7008D77C1 /* SensitiveDataService.swift in Sources */,
				81AC3A3C2AC27112008D77C1 /* HomeWeatherService.swift in Sources */,
				81AC3A6B2AC8575A008D77C1 /* BootstrapperFactory.swift in Sources */,
				81AC3A3A2AC2709D008D77C1 /* HomeWeatherServiceProtocol.swift in Sources */,
				81AC3A522AC79D14008D77C1 /* SensitiveDataRepository.swift in Sources */,
				81AC3A3E2AC271AC008D77C1 /* HomeDetailsRepository.swift in Sources */,
				81AC3A5C2AC7A286008D77C1 /* SensitiveDataServiceProvider.swift in Sources */,
				81AC3A382AC267DB008D77C1 /* HomeModel.swift in Sources */,
				81AC3A6F2AC8582A008D77C1 /* HomeView.swift in Sources */,
				81AC3A5F2AC7BD58008D77C1 /* AppBootstrap.swift in Sources */,
			);
			runOnlyForDeploymentPostprocessing = 0;
		};
		81AC3A0D2AC262E8008D77C1 /* Sources */ = {
			isa = PBXSourcesBuildPhase;
			buildActionMask = 2147483647;
			files = (
				81AC3A162AC262E8008D77C1 /* WeatherTests.swift in Sources */,
			);
			runOnlyForDeploymentPostprocessing = 0;
		};
		81AC3A172AC262E8008D77C1 /* Sources */ = {
			isa = PBXSourcesBuildPhase;
			buildActionMask = 2147483647;
			files = (
				81AC3A202AC262E8008D77C1 /* WeatherUITests.swift in Sources */,
				81AC3A222AC262E8008D77C1 /* WeatherUITestsLaunchTests.swift in Sources */,
			);
			runOnlyForDeploymentPostprocessing = 0;
		};
/* End PBXSourcesBuildPhase section */

/* Begin PBXTargetDependency section */
		81AC3A132AC262E8008D77C1 /* PBXTargetDependency */ = {
			isa = PBXTargetDependency;
			target = 81AC3A002AC262E6008D77C1 /* Weather */;
			targetProxy = 81AC3A122AC262E8008D77C1 /* PBXContainerItemProxy */;
		};
		81AC3A1D2AC262E8008D77C1 /* PBXTargetDependency */ = {
			isa = PBXTargetDependency;
			target = 81AC3A002AC262E6008D77C1 /* Weather */;
			targetProxy = 81AC3A1C2AC262E8008D77C1 /* PBXContainerItemProxy */;
		};
/* End PBXTargetDependency section */

/* Begin XCBuildConfiguration section */
		81AC3A232AC262E8008D77C1 /* Debug */ = {
			isa = XCBuildConfiguration;
			buildSettings = {
				ALWAYS_SEARCH_USER_PATHS = NO;
				CLANG_ANALYZER_NONNULL = YES;
				CLANG_ANALYZER_NUMBER_OBJECT_CONVERSION = YES_AGGRESSIVE;
				CLANG_CXX_LANGUAGE_STANDARD = "gnu++20";
				CLANG_ENABLE_MODULES = YES;
				CLANG_ENABLE_OBJC_ARC = YES;
				CLANG_ENABLE_OBJC_WEAK = YES;
				CLANG_WARN_BLOCK_CAPTURE_AUTORELEASING = YES;
				CLANG_WARN_BOOL_CONVERSION = YES;
				CLANG_WARN_COMMA = YES;
				CLANG_WARN_CONSTANT_CONVERSION = YES;
				CLANG_WARN_DEPRECATED_OBJC_IMPLEMENTATIONS = YES;
				CLANG_WARN_DIRECT_OBJC_ISA_USAGE = YES_ERROR;
				CLANG_WARN_DOCUMENTATION_COMMENTS = YES;
				CLANG_WARN_EMPTY_BODY = YES;
				CLANG_WARN_ENUM_CONVERSION = YES;
				CLANG_WARN_INFINITE_RECURSION = YES;
				CLANG_WARN_INT_CONVERSION = YES;
				CLANG_WARN_NON_LITERAL_NULL_CONVERSION = YES;
				CLANG_WARN_OBJC_IMPLICIT_RETAIN_SELF = YES;
				CLANG_WARN_OBJC_LITERAL_CONVERSION = YES;
				CLANG_WARN_OBJC_ROOT_CLASS = YES_ERROR;
				CLANG_WARN_QUOTED_INCLUDE_IN_FRAMEWORK_HEADER = YES;
				CLANG_WARN_RANGE_LOOP_ANALYSIS = YES;
				CLANG_WARN_STRICT_PROTOTYPES = YES;
				CLANG_WARN_SUSPICIOUS_MOVE = YES;
				CLANG_WARN_UNGUARDED_AVAILABILITY = YES_AGGRESSIVE;
				CLANG_WARN_UNREACHABLE_CODE = YES;
				CLANG_WARN__DUPLICATE_METHOD_MATCH = YES;
				COPY_PHASE_STRIP = NO;
				DEBUG_INFORMATION_FORMAT = dwarf;
				ENABLE_STRICT_OBJC_MSGSEND = YES;
				ENABLE_TESTABILITY = YES;
				GCC_C_LANGUAGE_STANDARD = gnu11;
				GCC_DYNAMIC_NO_PIC = NO;
				GCC_NO_COMMON_BLOCKS = YES;
				GCC_OPTIMIZATION_LEVEL = 0;
				GCC_PREPROCESSOR_DEFINITIONS = (
					"DEBUG=1",
					"$(inherited)",
				);
				GCC_WARN_64_TO_32_BIT_CONVERSION = YES;
				GCC_WARN_ABOUT_RETURN_TYPE = YES_ERROR;
				GCC_WARN_UNDECLARED_SELECTOR = YES;
				GCC_WARN_UNINITIALIZED_AUTOS = YES_AGGRESSIVE;
				GCC_WARN_UNUSED_FUNCTION = YES;
				GCC_WARN_UNUSED_VARIABLE = YES;
				IPHONEOS_DEPLOYMENT_TARGET = 16.1;
				MTL_ENABLE_DEBUG_INFO = INCLUDE_SOURCE;
				MTL_FAST_MATH = YES;
				ONLY_ACTIVE_ARCH = YES;
				SDKROOT = iphoneos;
				SWIFT_ACTIVE_COMPILATION_CONDITIONS = DEBUG;
				SWIFT_OPTIMIZATION_LEVEL = "-Onone";
			};
			name = Debug;
		};
		81AC3A242AC262E8008D77C1 /* Release */ = {
			isa = XCBuildConfiguration;
			buildSettings = {
				ALWAYS_SEARCH_USER_PATHS = NO;
				CLANG_ANALYZER_NONNULL = YES;
				CLANG_ANALYZER_NUMBER_OBJECT_CONVERSION = YES_AGGRESSIVE;
				CLANG_CXX_LANGUAGE_STANDARD = "gnu++20";
				CLANG_ENABLE_MODULES = YES;
				CLANG_ENABLE_OBJC_ARC = YES;
				CLANG_ENABLE_OBJC_WEAK = YES;
				CLANG_WARN_BLOCK_CAPTURE_AUTORELEASING = YES;
				CLANG_WARN_BOOL_CONVERSION = YES;
				CLANG_WARN_COMMA = YES;
				CLANG_WARN_CONSTANT_CONVERSION = YES;
				CLANG_WARN_DEPRECATED_OBJC_IMPLEMENTATIONS = YES;
				CLANG_WARN_DIRECT_OBJC_ISA_USAGE = YES_ERROR;
				CLANG_WARN_DOCUMENTATION_COMMENTS = YES;
				CLANG_WARN_EMPTY_BODY = YES;
				CLANG_WARN_ENUM_CONVERSION = YES;
				CLANG_WARN_INFINITE_RECURSION = YES;
				CLANG_WARN_INT_CONVERSION = YES;
				CLANG_WARN_NON_LITERAL_NULL_CONVERSION = YES;
				CLANG_WARN_OBJC_IMPLICIT_RETAIN_SELF = YES;
				CLANG_WARN_OBJC_LITERAL_CONVERSION = YES;
				CLANG_WARN_OBJC_ROOT_CLASS = YES_ERROR;
				CLANG_WARN_QUOTED_INCLUDE_IN_FRAMEWORK_HEADER = YES;
				CLANG_WARN_RANGE_LOOP_ANALYSIS = YES;
				CLANG_WARN_STRICT_PROTOTYPES = YES;
				CLANG_WARN_SUSPICIOUS_MOVE = YES;
				CLANG_WARN_UNGUARDED_AVAILABILITY = YES_AGGRESSIVE;
				CLANG_WARN_UNREACHABLE_CODE = YES;
				CLANG_WARN__DUPLICATE_METHOD_MATCH = YES;
				COPY_PHASE_STRIP = NO;
				DEBUG_INFORMATION_FORMAT = "dwarf-with-dsym";
				ENABLE_NS_ASSERTIONS = NO;
				ENABLE_STRICT_OBJC_MSGSEND = YES;
				GCC_C_LANGUAGE_STANDARD = gnu11;
				GCC_NO_COMMON_BLOCKS = YES;
				GCC_WARN_64_TO_32_BIT_CONVERSION = YES;
				GCC_WARN_ABOUT_RETURN_TYPE = YES_ERROR;
				GCC_WARN_UNDECLARED_SELECTOR = YES;
				GCC_WARN_UNINITIALIZED_AUTOS = YES_AGGRESSIVE;
				GCC_WARN_UNUSED_FUNCTION = YES;
				GCC_WARN_UNUSED_VARIABLE = YES;
				IPHONEOS_DEPLOYMENT_TARGET = 16.1;
				MTL_ENABLE_DEBUG_INFO = NO;
				MTL_FAST_MATH = YES;
				SDKROOT = iphoneos;
				SWIFT_COMPILATION_MODE = wholemodule;
				SWIFT_OPTIMIZATION_LEVEL = "-O";
				VALIDATE_PRODUCT = YES;
			};
			name = Release;
		};
		81AC3A262AC262E8008D77C1 /* Debug */ = {
			isa = XCBuildConfiguration;
			buildSettings = {
				ASSETCATALOG_COMPILER_APPICON_NAME = AppIcon;
				ASSETCATALOG_COMPILER_GLOBAL_ACCENT_COLOR_NAME = AccentColor;
				CODE_SIGN_STYLE = Automatic;
				CURRENT_PROJECT_VERSION = 1;
				DEVELOPMENT_ASSET_PATHS = "\"Weather/Preview Content\"";
				ENABLE_PREVIEWS = YES;
				GENERATE_INFOPLIST_FILE = YES;
				INFOPLIST_KEY_UIApplicationSceneManifest_Generation = YES;
				INFOPLIST_KEY_UIApplicationSupportsIndirectInputEvents = YES;
				INFOPLIST_KEY_UILaunchScreen_Generation = YES;
				INFOPLIST_KEY_UISupportedInterfaceOrientations_iPad = "UIInterfaceOrientationPortrait UIInterfaceOrientationPortraitUpsideDown UIInterfaceOrientationLandscapeLeft UIInterfaceOrientationLandscapeRight";
				INFOPLIST_KEY_UISupportedInterfaceOrientations_iPhone = "UIInterfaceOrientationPortrait UIInterfaceOrientationLandscapeLeft UIInterfaceOrientationLandscapeRight";
				IPHONEOS_DEPLOYMENT_TARGET = 14.0;
				LD_RUNPATH_SEARCH_PATHS = (
					"$(inherited)",
					"@executable_path/Frameworks",
				);
				MARKETING_VERSION = 1.0;
				PRODUCT_BUNDLE_IDENTIFIER = com.DanteCanizo.Weather;
				PRODUCT_NAME = "$(TARGET_NAME)";
				SWIFT_EMIT_LOC_STRINGS = YES;
				SWIFT_VERSION = 5.0;
				TARGETED_DEVICE_FAMILY = "1,2";
			};
			name = Debug;
		};
		81AC3A272AC262E8008D77C1 /* Release */ = {
			isa = XCBuildConfiguration;
			buildSettings = {
				ASSETCATALOG_COMPILER_APPICON_NAME = AppIcon;
				ASSETCATALOG_COMPILER_GLOBAL_ACCENT_COLOR_NAME = AccentColor;
				CODE_SIGN_STYLE = Automatic;
				CURRENT_PROJECT_VERSION = 1;
				DEVELOPMENT_ASSET_PATHS = "\"Weather/Preview Content\"";
				ENABLE_PREVIEWS = YES;
				GENERATE_INFOPLIST_FILE = YES;
				INFOPLIST_KEY_UIApplicationSceneManifest_Generation = YES;
				INFOPLIST_KEY_UIApplicationSupportsIndirectInputEvents = YES;
				INFOPLIST_KEY_UILaunchScreen_Generation = YES;
				INFOPLIST_KEY_UISupportedInterfaceOrientations_iPad = "UIInterfaceOrientationPortrait UIInterfaceOrientationPortraitUpsideDown UIInterfaceOrientationLandscapeLeft UIInterfaceOrientationLandscapeRight";
				INFOPLIST_KEY_UISupportedInterfaceOrientations_iPhone = "UIInterfaceOrientationPortrait UIInterfaceOrientationLandscapeLeft UIInterfaceOrientationLandscapeRight";
				IPHONEOS_DEPLOYMENT_TARGET = 14.0;
				LD_RUNPATH_SEARCH_PATHS = (
					"$(inherited)",
					"@executable_path/Frameworks",
				);
				MARKETING_VERSION = 1.0;
				PRODUCT_BUNDLE_IDENTIFIER = com.DanteCanizo.Weather;
				PRODUCT_NAME = "$(TARGET_NAME)";
				SWIFT_EMIT_LOC_STRINGS = YES;
				SWIFT_VERSION = 5.0;
				TARGETED_DEVICE_FAMILY = "1,2";
			};
			name = Release;
		};
		81AC3A292AC262E8008D77C1 /* Debug */ = {
			isa = XCBuildConfiguration;
			buildSettings = {
				ALWAYS_EMBED_SWIFT_STANDARD_LIBRARIES = YES;
				BUNDLE_LOADER = "$(TEST_HOST)";
				CODE_SIGN_STYLE = Automatic;
				CURRENT_PROJECT_VERSION = 1;
				GENERATE_INFOPLIST_FILE = YES;
				IPHONEOS_DEPLOYMENT_TARGET = 16.1;
				MARKETING_VERSION = 1.0;
				PRODUCT_BUNDLE_IDENTIFIER = com.DanteCanizo.WeatherTests;
				PRODUCT_NAME = "$(TARGET_NAME)";
				SWIFT_EMIT_LOC_STRINGS = NO;
				SWIFT_VERSION = 5.0;
				TARGETED_DEVICE_FAMILY = "1,2";
				TEST_HOST = "$(BUILT_PRODUCTS_DIR)/Weather.app/$(BUNDLE_EXECUTABLE_FOLDER_PATH)/Weather";
			};
			name = Debug;
		};
		81AC3A2A2AC262E8008D77C1 /* Release */ = {
			isa = XCBuildConfiguration;
			buildSettings = {
				ALWAYS_EMBED_SWIFT_STANDARD_LIBRARIES = YES;
				BUNDLE_LOADER = "$(TEST_HOST)";
				CODE_SIGN_STYLE = Automatic;
				CURRENT_PROJECT_VERSION = 1;
				GENERATE_INFOPLIST_FILE = YES;
				IPHONEOS_DEPLOYMENT_TARGET = 16.1;
				MARKETING_VERSION = 1.0;
				PRODUCT_BUNDLE_IDENTIFIER = com.DanteCanizo.WeatherTests;
				PRODUCT_NAME = "$(TARGET_NAME)";
				SWIFT_EMIT_LOC_STRINGS = NO;
				SWIFT_VERSION = 5.0;
				TARGETED_DEVICE_FAMILY = "1,2";
				TEST_HOST = "$(BUILT_PRODUCTS_DIR)/Weather.app/$(BUNDLE_EXECUTABLE_FOLDER_PATH)/Weather";
			};
			name = Release;
		};
		81AC3A2C2AC262E8008D77C1 /* Debug */ = {
			isa = XCBuildConfiguration;
			buildSettings = {
				ALWAYS_EMBED_SWIFT_STANDARD_LIBRARIES = YES;
				CODE_SIGN_STYLE = Automatic;
				CURRENT_PROJECT_VERSION = 1;
				GENERATE_INFOPLIST_FILE = YES;
				MARKETING_VERSION = 1.0;
				PRODUCT_BUNDLE_IDENTIFIER = com.DanteCanizo.WeatherUITests;
				PRODUCT_NAME = "$(TARGET_NAME)";
				SWIFT_EMIT_LOC_STRINGS = NO;
				SWIFT_VERSION = 5.0;
				TARGETED_DEVICE_FAMILY = "1,2";
				TEST_TARGET_NAME = Weather;
			};
			name = Debug;
		};
		81AC3A2D2AC262E8008D77C1 /* Release */ = {
			isa = XCBuildConfiguration;
			buildSettings = {
				ALWAYS_EMBED_SWIFT_STANDARD_LIBRARIES = YES;
				CODE_SIGN_STYLE = Automatic;
				CURRENT_PROJECT_VERSION = 1;
				GENERATE_INFOPLIST_FILE = YES;
				MARKETING_VERSION = 1.0;
				PRODUCT_BUNDLE_IDENTIFIER = com.DanteCanizo.WeatherUITests;
				PRODUCT_NAME = "$(TARGET_NAME)";
				SWIFT_EMIT_LOC_STRINGS = NO;
				SWIFT_VERSION = 5.0;
				TARGETED_DEVICE_FAMILY = "1,2";
				TEST_TARGET_NAME = Weather;
			};
			name = Release;
		};
/* End XCBuildConfiguration section */

/* Begin XCConfigurationList section */
		81AC39FC2AC262E6008D77C1 /* Build configuration list for PBXProject "Weather" */ = {
			isa = XCConfigurationList;
			buildConfigurations = (
				81AC3A232AC262E8008D77C1 /* Debug */,
				81AC3A242AC262E8008D77C1 /* Release */,
			);
			defaultConfigurationIsVisible = 0;
			defaultConfigurationName = Release;
		};
		81AC3A252AC262E8008D77C1 /* Build configuration list for PBXNativeTarget "Weather" */ = {
			isa = XCConfigurationList;
			buildConfigurations = (
				81AC3A262AC262E8008D77C1 /* Debug */,
				81AC3A272AC262E8008D77C1 /* Release */,
			);
			defaultConfigurationIsVisible = 0;
			defaultConfigurationName = Release;
		};
		81AC3A282AC262E8008D77C1 /* Build configuration list for PBXNativeTarget "WeatherTests" */ = {
			isa = XCConfigurationList;
			buildConfigurations = (
				81AC3A292AC262E8008D77C1 /* Debug */,
				81AC3A2A2AC262E8008D77C1 /* Release */,
			);
			defaultConfigurationIsVisible = 0;
			defaultConfigurationName = Release;
		};
		81AC3A2B2AC262E8008D77C1 /* Build configuration list for PBXNativeTarget "WeatherUITests" */ = {
			isa = XCConfigurationList;
			buildConfigurations = (
				81AC3A2C2AC262E8008D77C1 /* Debug */,
				81AC3A2D2AC262E8008D77C1 /* Release */,
			);
			defaultConfigurationIsVisible = 0;
			defaultConfigurationName = Release;
		};
/* End XCConfigurationList section */
	};
	rootObject = 81AC39F92AC262E6008D77C1 /* Project object */;
}
